
Microsoft Visual Studio Solution File, Format Version 12.00
# Visual Studio Version 17
VisualStudioVersion = 17.11.35327.3
MinimumVisualStudioVersion = 10.0.40219.1
Project("{FAE04EC0-301F-11D3-BF4B-00C04F79EFBC}") = "Projet-P_app-mobile", "Projet-P_app-mobile.csproj", "{97E3A2E3-6C4F-496C-BC23-625CC47BA625}"
EndProject
Global
	GlobalSection(SolutionConfigurationPlatforms) = preSolution
		Debug|Any CPU = Debug|Any CPU
		Release|Any CPU = Release|Any CPU
	EndGlobalSection
	GlobalSection(ProjectConfigurationPlatforms) = postSolution
		{97E3A2E3-6C4F-496C-BC23-625CC47BA625}.Debug|Any CPU.ActiveCfg = Debug|Any CPU
		{97E3A2E3-6C4F-496C-BC23-625CC47BA625}.Debug|Any CPU.Build.0 = Debug|Any CPU
		{97E3A2E3-6C4F-496C-BC23-625CC47BA625}.Debug|Any CPU.Deploy.0 = Debug|Any CPU
		{97E3A2E3-6C4F-496C-BC23-625CC47BA625}.Release|Any CPU.ActiveCfg = Release|Any CPU
		{97E3A2E3-6C4F-496C-BC23-625CC47BA625}.Release|Any CPU.Build.0 = Release|Any CPU
		{97E3A2E3-6C4F-496C-BC23-625CC47BA625}.Release|Any CPU.Deploy.0 = Release|Any CPU
	EndGlobalSection
	GlobalSection(SolutionProperties) = preSolution
		HideSolutionNode = FALSE
	EndGlobalSection
	GlobalSection(ExtensibilityGlobals) = postSolution
		SolutionGuid = {F365E284-8D91-44D5-9DDA-4696A40DBD64}
	EndGlobalSection
EndGlobal
